
Microsoft Visual Studio Solution File, Format Version 12.00
# Visual Studio Version 17
VisualStudioVersion = 17.5.33516.290
MinimumVisualStudioVersion = 10.0.40219.1
Project("{9A19103F-16F7-4668-BE54-9A1E7A4F7556}") = "Unified.Xunit.Extensions", "Unified.Xunit.Extensions.csproj", "{4232508A-7EED-4037-A7F8-9B745DE57C9F}"
EndProject
Global
	GlobalSection(SolutionConfigurationPlatforms) = preSolution
		Debug|Any CPU = Debug|Any CPU
		Release|Any CPU = Release|Any CPU
	EndGlobalSection
	GlobalSection(ProjectConfigurationPlatforms) = postSolution
		{4232508A-7EED-4037-A7F8-9B745DE57C9F}.Debug|Any CPU.ActiveCfg = Debug|Any CPU
		{4232508A-7EED-4037-A7F8-9B745DE57C9F}.Debug|Any CPU.Build.0 = Debug|Any CPU
		{4232508A-7EED-4037-A7F8-9B745DE57C9F}.Release|Any CPU.ActiveCfg = Release|Any CPU
		{4232508A-7EED-4037-A7F8-9B745DE57C9F}.Release|Any CPU.Build.0 = Release|Any CPU
	EndGlobalSection
	GlobalSection(SolutionProperties) = preSolution
		HideSolutionNode = FALSE
	EndGlobalSection
	GlobalSection(ExtensibilityGlobals) = postSolution
		SolutionGuid = {3E0C1688-B61F-40BD-9B43-479422AF8587}
	EndGlobalSection
EndGlobal
